
Microsoft Visual Studio Solution File, Format Version 12.00
# Visual Studio 2012
Project("{8BC9CEB8-8B4A-11D0-8D11-00A0C91BC942}") = "SkyBreaker", "SkyBreaker\SkyBreaker.vcxproj", "{C4AB6671-D1A2-49EC-99B1-8A06818BE26C}"
EndProject
Global
	GlobalSection(SolutionConfigurationPlatforms) = preSolution
		Debug|Win32 = Debug|Win32
		Release|Win32 = Release|Win32
	EndGlobalSection
	GlobalSection(ProjectConfigurationPlatforms) = postSolution
		{C4AB6671-D1A2-49EC-99B1-8A06818BE26C}.Debug|Win32.ActiveCfg = Debug|Win32
		{C4AB6671-D1A2-49EC-99B1-8A06818BE26C}.Debug|Win32.Build.0 = Debug|Win32
		{C4AB6671-D1A2-49EC-99B1-8A06818BE26C}.Release|Win32.ActiveCfg = Release|Win32
		{C4AB6671-D1A2-49EC-99B1-8A06818BE26C}.Release|Win32.Build.0 = Release|Win32
	EndGlobalSection
	GlobalSection(SolutionProperties) = preSolution
		HideSolutionNode = FALSE
	EndGlobalSection
EndGlobal
